
Microsoft Visual Studio Solution File, Format Version 12.00
# Visual Studio Version 17
VisualStudioVersion = 17.10.34916.146
MinimumVisualStudioVersion = 10.0.40219.1
Project("{FAE04EC0-301F-11D3-BF4B-00C04F79EFBC}") = "lab11", "lab11\lab11.csproj", "{61E2B746-F2BF-46B4-BF48-EC5FC9B032AD}"
EndProject
Global
	GlobalSection(SolutionConfigurationPlatforms) = preSolution
		Debug|Any CPU = Debug|Any CPU
		Release|Any CPU = Release|Any CPU
	EndGlobalSection
	GlobalSection(ProjectConfigurationPlatforms) = postSolution
		{61E2B746-F2BF-46B4-BF48-EC5FC9B032AD}.Debug|Any CPU.ActiveCfg = Debug|Any CPU
		{61E2B746-F2BF-46B4-BF48-EC5FC9B032AD}.Debug|Any CPU.Build.0 = Debug|Any CPU
		{61E2B746-F2BF-46B4-BF48-EC5FC9B032AD}.Release|Any CPU.ActiveCfg = Release|Any CPU
		{61E2B746-F2BF-46B4-BF48-EC5FC9B032AD}.Release|Any CPU.Build.0 = Release|Any CPU
	EndGlobalSection
	GlobalSection(SolutionProperties) = preSolution
		HideSolutionNode = FALSE
	EndGlobalSection
	GlobalSection(ExtensibilityGlobals) = postSolution
		SolutionGuid = {1D4EE4C4-182A-492A-AAB4-F5E106B3021D}
	EndGlobalSection
EndGlobal
